// !$*UTF8*$!
{
	archiveVersion = 1;
	classes = {
	};
	objectVersion = 56;
	objects = {

/* Begin PBXBuildFile section */
		5C063D4E2B5A1AB500DC7C6B /* DateFormatter+Extension.swift in Sources */ = {isa = PBXBuildFile; fileRef = 5C063D4D2B5A1AB500DC7C6B /* DateFormatter+Extension.swift */; };
		5C063D502B5CC02100DC7C6B /* UpdateData.swift in Sources */ = {isa = PBXBuildFile; fileRef = 5C063D4F2B5CC02100DC7C6B /* UpdateData.swift */; };
		5C063D542B5CD74D00DC7C6B /* AlarmManager.swift in Sources */ = {isa = PBXBuildFile; fileRef = 5C063D532B5CD74D00DC7C6B /* AlarmManager.swift */; };
		5C0928AB2B75F83D003AA0BC /* OnboardingPageComponents.swift in Sources */ = {isa = PBXBuildFile; fileRef = 5C0928AA2B75F83D003AA0BC /* OnboardingPageComponents.swift */; };
		5C0928AD2B75F944003AA0BC /* SleepGoalRefactored.swift in Sources */ = {isa = PBXBuildFile; fileRef = 5C0928AC2B75F944003AA0BC /* SleepGoalRefactored.swift */; };
		5C2823662B71FDD400E88D6F /* AppDelegate.swift in Sources */ = {isa = PBXBuildFile; fileRef = 5C2823652B71FDD400E88D6F /* AppDelegate.swift */; };
		5C2823692B72120400E88D6F /* SettingsComponents.swift in Sources */ = {isa = PBXBuildFile; fileRef = 5C2823682B72120400E88D6F /* SettingsComponents.swift */; };
		5C28236B2B72148A00E88D6F /* ButtonComponent.swift in Sources */ = {isa = PBXBuildFile; fileRef = 5C28236A2B72148A00E88D6F /* ButtonComponent.swift */; };
		5C28236D2B722B2700E88D6F /* ColorExtensions.swift in Sources */ = {isa = PBXBuildFile; fileRef = 5C28236C2B722B2700E88D6F /* ColorExtensions.swift */; };
		5C5549492B51FEEB00758980 /* Rise_and_ShineApp.swift in Sources */ = {isa = PBXBuildFile; fileRef = 5C5549482B51FEEB00758980 /* Rise_and_ShineApp.swift */; };
		5C55494B2B51FEEB00758980 /* ContentView.swift in Sources */ = {isa = PBXBuildFile; fileRef = 5C55494A2B51FEEB00758980 /* ContentView.swift */; };
		5C55494D2B51FEEC00758980 /* Assets.xcassets in Resources */ = {isa = PBXBuildFile; fileRef = 5C55494C2B51FEEC00758980 /* Assets.xcassets */; };
		5C5549502B51FEEC00758980 /* Preview Assets.xcassets in Resources */ = {isa = PBXBuildFile; fileRef = 5C55494F2B51FEEC00758980 /* Preview Assets.xcassets */; };
		5C55495A2B51FEEC00758980 /* Rise_and_ShineTests.swift in Sources */ = {isa = PBXBuildFile; fileRef = 5C5549592B51FEEC00758980 /* Rise_and_ShineTests.swift */; };
		5C5549642B51FEEC00758980 /* Rise_and_ShineUITests.swift in Sources */ = {isa = PBXBuildFile; fileRef = 5C5549632B51FEEC00758980 /* Rise_and_ShineUITests.swift */; };
		5C5549662B51FEEC00758980 /* Rise_and_ShineUITestsLaunchTests.swift in Sources */ = {isa = PBXBuildFile; fileRef = 5C5549652B51FEEC00758980 /* Rise_and_ShineUITestsLaunchTests.swift */; };
		5C940D732B6F5C620002A862 /* Launch Screen.storyboard in Resources */ = {isa = PBXBuildFile; fileRef = 5C940D722B6F5C620002A862 /* Launch Screen.storyboard */; };
		5C9852192B70AD3E000B259B /* WelcomePageView.swift in Sources */ = {isa = PBXBuildFile; fileRef = 5C9852182B70AD3E000B259B /* WelcomePageView.swift */; };
		5C98521B2B70AD52000B259B /* LocationSelectionView.swift in Sources */ = {isa = PBXBuildFile; fileRef = 5C98521A2B70AD52000B259B /* LocationSelectionView.swift */; };
		5C98521D2B70AD77000B259B /* AlarmSetupView.swift in Sources */ = {isa = PBXBuildFile; fileRef = 5C98521C2B70AD77000B259B /* AlarmSetupView.swift */; };
		5C98521F2B70AD86000B259B /* SleepGoalSetupView.swift in Sources */ = {isa = PBXBuildFile; fileRef = 5C98521E2B70AD86000B259B /* SleepGoalSetupView.swift */; };
		5C9852212B70ADA3000B259B /* WindDownSetupView.swift in Sources */ = {isa = PBXBuildFile; fileRef = 5C9852202B70ADA3000B259B /* WindDownSetupView.swift */; };
		5C9852252B70CB89000B259B /* SetupSettingsConfirmationView.swift in Sources */ = {isa = PBXBuildFile; fileRef = 5C9852242B70CB89000B259B /* SetupSettingsConfirmationView.swift */; };
		5CAE6E4F2B6B7FBA00F9B26A /* NotificationsView.swift in Sources */ = {isa = PBXBuildFile; fileRef = 5CAE6E4E2B6B7FBA00F9B26A /* NotificationsView.swift */; };
		5CEC253A2B58D36B00F3CC2B /* SunData.swift in Sources */ = {isa = PBXBuildFile; fileRef = 5CEC25392B58D36B00F3CC2B /* SunData.swift */; };
		5CEC253C2B58D39F00F3CC2B /* SunApiResponse.swift in Sources */ = {isa = PBXBuildFile; fileRef = 5CEC253B2B58D39F00F3CC2B /* SunApiResponse.swift */; };
		5CEC25402B58D54B00F3CC2B /* SettingsView.swift in Sources */ = {isa = PBXBuildFile; fileRef = 5CEC253F2B58D54B00F3CC2B /* SettingsView.swift */; };
		5CEC25422B58D5D500F3CC2B /* LocationManager.swift in Sources */ = {isa = PBXBuildFile; fileRef = 5CEC25412B58D5D500F3CC2B /* LocationManager.swift */; };
		5CEC25442B58D5F800F3CC2B /* NotificationManager.swift in Sources */ = {isa = PBXBuildFile; fileRef = 5CEC25432B58D5F800F3CC2B /* NotificationManager.swift */; };
		5CEC25462B58D6B600F3CC2B /* APIManager.swift in Sources */ = {isa = PBXBuildFile; fileRef = 5CEC25452B58D6B600F3CC2B /* APIManager.swift */; };
		5CEC25482B58D83000F3CC2B /* Constants.swift in Sources */ = {isa = PBXBuildFile; fileRef = 5CEC25472B58D83000F3CC2B /* Constants.swift */; };
		5CEC254C2B58FE5900F3CC2B /* UserDefaults.swift in Sources */ = {isa = PBXBuildFile; fileRef = 5CEC254B2B58FE5900F3CC2B /* UserDefaults.swift */; };
		5CEC254E2B58FE7A00F3CC2B /* AppDataManager.swift in Sources */ = {isa = PBXBuildFile; fileRef = 5CEC254D2B58FE7A00F3CC2B /* AppDataManager.swift */; };
/* End PBXBuildFile section */

/* Begin PBXContainerItemProxy section */
		5C5549562B51FEEC00758980 /* PBXContainerItemProxy */ = {
			isa = PBXContainerItemProxy;
			containerPortal = 5C55493D2B51FEEB00758980 /* Project object */;
			proxyType = 1;
			remoteGlobalIDString = 5C5549442B51FEEB00758980;
			remoteInfo = "Rise and Shine";
		};
		5C5549602B51FEEC00758980 /* PBXContainerItemProxy */ = {
			isa = PBXContainerItemProxy;
			containerPortal = 5C55493D2B51FEEB00758980 /* Project object */;
			proxyType = 1;
			remoteGlobalIDString = 5C5549442B51FEEB00758980;
			remoteInfo = "Rise and Shine";
		};
/* End PBXContainerItemProxy section */

/* Begin PBXFileReference section */
		5C063D4D2B5A1AB500DC7C6B /* DateFormatter+Extension.swift */ = {isa = PBXFileReference; fileEncoding = 4; lastKnownFileType = sourcecode.swift; path = "DateFormatter+Extension.swift"; sourceTree = "<group>"; };
		5C063D4F2B5CC02100DC7C6B /* UpdateData.swift */ = {isa = PBXFileReference; lastKnownFileType = sourcecode.swift; path = UpdateData.swift; sourceTree = "<group>"; };
		5C063D532B5CD74D00DC7C6B /* AlarmManager.swift */ = {isa = PBXFileReference; lastKnownFileType = sourcecode.swift; path = AlarmManager.swift; sourceTree = "<group>"; };
		5C0928AA2B75F83D003AA0BC /* OnboardingPageComponents.swift */ = {isa = PBXFileReference; lastKnownFileType = sourcecode.swift; path = OnboardingPageComponents.swift; sourceTree = "<group>"; };
		5C0928AC2B75F944003AA0BC /* SleepGoalRefactored.swift */ = {isa = PBXFileReference; lastKnownFileType = sourcecode.swift; path = SleepGoalRefactored.swift; sourceTree = "<group>"; };
		5C2823652B71FDD400E88D6F /* AppDelegate.swift */ = {isa = PBXFileReference; lastKnownFileType = sourcecode.swift; path = AppDelegate.swift; sourceTree = "<group>"; };
		5C2823682B72120400E88D6F /* SettingsComponents.swift */ = {isa = PBXFileReference; lastKnownFileType = sourcecode.swift; path = SettingsComponents.swift; sourceTree = "<group>"; };
		5C28236A2B72148A00E88D6F /* ButtonComponent.swift */ = {isa = PBXFileReference; lastKnownFileType = sourcecode.swift; path = ButtonComponent.swift; sourceTree = "<group>"; };
		5C28236C2B722B2700E88D6F /* ColorExtensions.swift */ = {isa = PBXFileReference; lastKnownFileType = sourcecode.swift; path = ColorExtensions.swift; sourceTree = "<group>"; };
		5C5549452B51FEEB00758980 /* Rise and Shine.app */ = {isa = PBXFileReference; explicitFileType = wrapper.application; includeInIndex = 0; path = "Rise and Shine.app"; sourceTree = BUILT_PRODUCTS_DIR; };
		5C5549482B51FEEB00758980 /* Rise_and_ShineApp.swift */ = {isa = PBXFileReference; lastKnownFileType = sourcecode.swift; path = Rise_and_ShineApp.swift; sourceTree = "<group>"; };
		5C55494A2B51FEEB00758980 /* ContentView.swift */ = {isa = PBXFileReference; lastKnownFileType = sourcecode.swift; path = ContentView.swift; sourceTree = "<group>"; };
		5C55494C2B51FEEC00758980 /* Assets.xcassets */ = {isa = PBXFileReference; lastKnownFileType = folder.assetcatalog; path = Assets.xcassets; sourceTree = "<group>"; };
		5C55494F2B51FEEC00758980 /* Preview Assets.xcassets */ = {isa = PBXFileReference; lastKnownFileType = folder.assetcatalog; path = "Preview Assets.xcassets"; sourceTree = "<group>"; };
		5C5549552B51FEEC00758980 /* Rise and ShineTests.xctest */ = {isa = PBXFileReference; explicitFileType = wrapper.cfbundle; includeInIndex = 0; path = "Rise and ShineTests.xctest"; sourceTree = BUILT_PRODUCTS_DIR; };
		5C5549592B51FEEC00758980 /* Rise_and_ShineTests.swift */ = {isa = PBXFileReference; lastKnownFileType = sourcecode.swift; path = Rise_and_ShineTests.swift; sourceTree = "<group>"; };
		5C55495F2B51FEEC00758980 /* Rise and ShineUITests.xctest */ = {isa = PBXFileReference; explicitFileType = wrapper.cfbundle; includeInIndex = 0; path = "Rise and ShineUITests.xctest"; sourceTree = BUILT_PRODUCTS_DIR; };
		5C5549632B51FEEC00758980 /* Rise_and_ShineUITests.swift */ = {isa = PBXFileReference; lastKnownFileType = sourcecode.swift; path = Rise_and_ShineUITests.swift; sourceTree = "<group>"; };
		5C5549652B51FEEC00758980 /* Rise_and_ShineUITestsLaunchTests.swift */ = {isa = PBXFileReference; lastKnownFileType = sourcecode.swift; path = Rise_and_ShineUITestsLaunchTests.swift; sourceTree = "<group>"; };
		5C8C65962B623FBB001D7F18 /* Location.gpx */ = {isa = PBXFileReference; lastKnownFileType = text.xml; path = Location.gpx; sourceTree = "<group>"; };
		5C940D722B6F5C620002A862 /* Launch Screen.storyboard */ = {isa = PBXFileReference; lastKnownFileType = file.storyboard; name = "Launch Screen.storyboard"; path = "Rise and Shine/Views/Launch Screen.storyboard"; sourceTree = SOURCE_ROOT; };
		5C9852182B70AD3E000B259B /* WelcomePageView.swift */ = {isa = PBXFileReference; lastKnownFileType = sourcecode.swift; path = WelcomePageView.swift; sourceTree = "<group>"; };
		5C98521A2B70AD52000B259B /* LocationSelectionView.swift */ = {isa = PBXFileReference; lastKnownFileType = sourcecode.swift; path = LocationSelectionView.swift; sourceTree = "<group>"; };
		5C98521C2B70AD77000B259B /* AlarmSetupView.swift */ = {isa = PBXFileReference; lastKnownFileType = sourcecode.swift; path = AlarmSetupView.swift; sourceTree = "<group>"; };
		5C98521E2B70AD86000B259B /* SleepGoalSetupView.swift */ = {isa = PBXFileReference; lastKnownFileType = sourcecode.swift; path = SleepGoalSetupView.swift; sourceTree = "<group>"; };
		5C9852202B70ADA3000B259B /* WindDownSetupView.swift */ = {isa = PBXFileReference; lastKnownFileType = sourcecode.swift; path = WindDownSetupView.swift; sourceTree = "<group>"; };
		5C9852242B70CB89000B259B /* SetupSettingsConfirmationView.swift */ = {isa = PBXFileReference; lastKnownFileType = sourcecode.swift; path = SetupSettingsConfirmationView.swift; sourceTree = "<group>"; };
		5C9A85B52B56655F009DF7F8 /* Rise-and-Shine-Info.plist */ = {isa = PBXFileReference; lastKnownFileType = text.plist; path = "Rise-and-Shine-Info.plist"; sourceTree = SOURCE_ROOT; };
		5CAE6E4E2B6B7FBA00F9B26A /* NotificationsView.swift */ = {isa = PBXFileReference; lastKnownFileType = sourcecode.swift; path = NotificationsView.swift; sourceTree = "<group>"; };
		5CEC25392B58D36B00F3CC2B /* SunData.swift */ = {isa = PBXFileReference; lastKnownFileType = sourcecode.swift; path = SunData.swift; sourceTree = "<group>"; };
		5CEC253B2B58D39F00F3CC2B /* SunApiResponse.swift */ = {isa = PBXFileReference; lastKnownFileType = sourcecode.swift; path = SunApiResponse.swift; sourceTree = "<group>"; };
		5CEC253F2B58D54B00F3CC2B /* SettingsView.swift */ = {isa = PBXFileReference; lastKnownFileType = sourcecode.swift; path = SettingsView.swift; sourceTree = "<group>"; };
		5CEC25412B58D5D500F3CC2B /* LocationManager.swift */ = {isa = PBXFileReference; lastKnownFileType = sourcecode.swift; path = LocationManager.swift; sourceTree = "<group>"; };
		5CEC25432B58D5F800F3CC2B /* NotificationManager.swift */ = {isa = PBXFileReference; lastKnownFileType = sourcecode.swift; path = NotificationManager.swift; sourceTree = "<group>"; };
		5CEC25452B58D6B600F3CC2B /* APIManager.swift */ = {isa = PBXFileReference; lastKnownFileType = sourcecode.swift; path = APIManager.swift; sourceTree = "<group>"; };
		5CEC25472B58D83000F3CC2B /* Constants.swift */ = {isa = PBXFileReference; lastKnownFileType = sourcecode.swift; path = Constants.swift; sourceTree = "<group>"; };
		5CEC254B2B58FE5900F3CC2B /* UserDefaults.swift */ = {isa = PBXFileReference; lastKnownFileType = sourcecode.swift; path = UserDefaults.swift; sourceTree = "<group>"; };
		5CEC254D2B58FE7A00F3CC2B /* AppDataManager.swift */ = {isa = PBXFileReference; lastKnownFileType = sourcecode.swift; path = AppDataManager.swift; sourceTree = "<group>"; };
/* End PBXFileReference section */

/* Begin PBXFrameworksBuildPhase section */
		5C5549422B51FEEB00758980 /* Frameworks */ = {
			isa = PBXFrameworksBuildPhase;
			buildActionMask = 2147483647;
			files = (
			);
			runOnlyForDeploymentPostprocessing = 0;
		};
		5C5549522B51FEEC00758980 /* Frameworks */ = {
			isa = PBXFrameworksBuildPhase;
			buildActionMask = 2147483647;
			files = (
			);
			runOnlyForDeploymentPostprocessing = 0;
		};
		5C55495C2B51FEEC00758980 /* Frameworks */ = {
			isa = PBXFrameworksBuildPhase;
			buildActionMask = 2147483647;
			files = (
			);
			runOnlyForDeploymentPostprocessing = 0;
		};
/* End PBXFrameworksBuildPhase section */

/* Begin PBXGroup section */
		5C2823672B7211DF00E88D6F /* Components */ = {
			isa = PBXGroup;
			children = (
				5C2823682B72120400E88D6F /* SettingsComponents.swift */,
				5C28236A2B72148A00E88D6F /* ButtonComponent.swift */,
				5C0928AA2B75F83D003AA0BC /* OnboardingPageComponents.swift */,
			);
			path = Components;
			sourceTree = "<group>";
		};
		5C55493C2B51FEEB00758980 = {
			isa = PBXGroup;
			children = (
				5C5549472B51FEEB00758980 /* Rise and Shine */,
				5C5549582B51FEEC00758980 /* Rise and ShineTests */,
				5C5549622B51FEEC00758980 /* Rise and ShineUITests */,
				5C5549462B51FEEB00758980 /* Products */,
			);
			sourceTree = "<group>";
		};
		5C5549462B51FEEB00758980 /* Products */ = {
			isa = PBXGroup;
			children = (
				5C5549452B51FEEB00758980 /* Rise and Shine.app */,
				5C5549552B51FEEC00758980 /* Rise and ShineTests.xctest */,
				5C55495F2B51FEEC00758980 /* Rise and ShineUITests.xctest */,
			);
			name = Products;
			sourceTree = "<group>";
		};
		5C5549472B51FEEB00758980 /* Rise and Shine */ = {
			isa = PBXGroup;
			children = (
				5C2823672B7211DF00E88D6F /* Components */,
				5CEC25382B58D34C00F3CC2B /* Helpers */,
				5CEC25372B58D33D00F3CC2B /* Utilities */,
				5CEC25362B58D32700F3CC2B /* ViewModels */,
				5CEC25352B58D31600F3CC2B /* Views */,
				5CEC25332B58D2F500F3CC2B /* Models */,
				5C9A85B52B56655F009DF7F8 /* Rise-and-Shine-Info.plist */,
				5C5549482B51FEEB00758980 /* Rise_and_ShineApp.swift */,
				5C55494C2B51FEEC00758980 /* Assets.xcassets */,
				5C55494E2B51FEEC00758980 /* Preview Content */,
				5C8C65962B623FBB001D7F18 /* Location.gpx */,
			);
			path = "Rise and Shine";
			sourceTree = "<group>";
		};
		5C55494E2B51FEEC00758980 /* Preview Content */ = {
			isa = PBXGroup;
			children = (
				5C55494F2B51FEEC00758980 /* Preview Assets.xcassets */,
			);
			path = "Preview Content";
			sourceTree = "<group>";
		};
		5C5549582B51FEEC00758980 /* Rise and ShineTests */ = {
			isa = PBXGroup;
			children = (
				5C5549592B51FEEC00758980 /* Rise_and_ShineTests.swift */,
			);
			path = "Rise and ShineTests";
			sourceTree = "<group>";
		};
		5C5549622B51FEEC00758980 /* Rise and ShineUITests */ = {
			isa = PBXGroup;
			children = (
				5C5549632B51FEEC00758980 /* Rise_and_ShineUITests.swift */,
				5C5549652B51FEEC00758980 /* Rise_and_ShineUITestsLaunchTests.swift */,
			);
			path = "Rise and ShineUITests";
			sourceTree = "<group>";
		};
		5C9852172B70AD0A000B259B /* OnboardingViews */ = {
			isa = PBXGroup;
			children = (
				5C9852182B70AD3E000B259B /* WelcomePageView.swift */,
				5C98521A2B70AD52000B259B /* LocationSelectionView.swift */,
				5C98521C2B70AD77000B259B /* AlarmSetupView.swift */,
				5C98521E2B70AD86000B259B /* SleepGoalSetupView.swift */,
				5C9852202B70ADA3000B259B /* WindDownSetupView.swift */,
				5C9852242B70CB89000B259B /* SetupSettingsConfirmationView.swift */,
				5C0928AC2B75F944003AA0BC /* SleepGoalRefactored.swift */,
			);
			path = OnboardingViews;
			sourceTree = "<group>";
		};
		5CEC25332B58D2F500F3CC2B /* Models */ = {
			isa = PBXGroup;
			children = (
				5CEC25392B58D36B00F3CC2B /* SunData.swift */,
				5CEC253B2B58D39F00F3CC2B /* SunApiResponse.swift */,
			);
			path = Models;
			sourceTree = "<group>";
		};
		5CEC25352B58D31600F3CC2B /* Views */ = {
			isa = PBXGroup;
			children = (
				5C9852172B70AD0A000B259B /* OnboardingViews */,
				5C55494A2B51FEEB00758980 /* ContentView.swift */,
				5CEC253F2B58D54B00F3CC2B /* SettingsView.swift */,
				5CAE6E4E2B6B7FBA00F9B26A /* NotificationsView.swift */,
				5C940D722B6F5C620002A862 /* Launch Screen.storyboard */,
			);
			path = Views;
			sourceTree = "<group>";
		};
		5CEC25362B58D32700F3CC2B /* ViewModels */ = {
			isa = PBXGroup;
			children = (
				5CEC25412B58D5D500F3CC2B /* LocationManager.swift */,
				5CEC25432B58D5F800F3CC2B /* NotificationManager.swift */,
			);
			path = ViewModels;
			sourceTree = "<group>";
		};
		5CEC25372B58D33D00F3CC2B /* Utilities */ = {
			isa = PBXGroup;
			children = (
				5C063D4D2B5A1AB500DC7C6B /* DateFormatter+Extension.swift */,
				5CEC25452B58D6B600F3CC2B /* APIManager.swift */,
				5CEC254D2B58FE7A00F3CC2B /* AppDataManager.swift */,
				5C063D532B5CD74D00DC7C6B /* AlarmManager.swift */,
				5C063D4F2B5CC02100DC7C6B /* UpdateData.swift */,
				5CEC254B2B58FE5900F3CC2B /* UserDefaults.swift */,
				5C2823652B71FDD400E88D6F /* AppDelegate.swift */,
			);
			path = Utilities;
			sourceTree = "<group>";
		};
		5CEC25382B58D34C00F3CC2B /* Helpers */ = {
			isa = PBXGroup;
			children = (
				5CEC25472B58D83000F3CC2B /* Constants.swift */,
				5C28236C2B722B2700E88D6F /* ColorExtensions.swift */,
			);
			path = Helpers;
			sourceTree = "<group>";
		};
/* End PBXGroup section */

/* Begin PBXNativeTarget section */
		5C5549442B51FEEB00758980 /* Rise and Shine */ = {
			isa = PBXNativeTarget;
			buildConfigurationList = 5C5549692B51FEEC00758980 /* Build configuration list for PBXNativeTarget "Rise and Shine" */;
			buildPhases = (
				5C5549412B51FEEB00758980 /* Sources */,
				5C5549422B51FEEB00758980 /* Frameworks */,
				5C5549432B51FEEB00758980 /* Resources */,
			);
			buildRules = (
			);
			dependencies = (
			);
			name = "Rise and Shine";
			productName = "Rise and Shine";
			productReference = 5C5549452B51FEEB00758980 /* Rise and Shine.app */;
			productType = "com.apple.product-type.application";
		};
		5C5549542B51FEEC00758980 /* Rise and ShineTests */ = {
			isa = PBXNativeTarget;
			buildConfigurationList = 5C55496C2B51FEEC00758980 /* Build configuration list for PBXNativeTarget "Rise and ShineTests" */;
			buildPhases = (
				5C5549512B51FEEC00758980 /* Sources */,
				5C5549522B51FEEC00758980 /* Frameworks */,
				5C5549532B51FEEC00758980 /* Resources */,
			);
			buildRules = (
			);
			dependencies = (
				5C5549572B51FEEC00758980 /* PBXTargetDependency */,
			);
			name = "Rise and ShineTests";
			productName = "Rise and ShineTests";
			productReference = 5C5549552B51FEEC00758980 /* Rise and ShineTests.xctest */;
			productType = "com.apple.product-type.bundle.unit-test";
		};
		5C55495E2B51FEEC00758980 /* Rise and ShineUITests */ = {
			isa = PBXNativeTarget;
			buildConfigurationList = 5C55496F2B51FEEC00758980 /* Build configuration list for PBXNativeTarget "Rise and ShineUITests" */;
			buildPhases = (
				5C55495B2B51FEEC00758980 /* Sources */,
				5C55495C2B51FEEC00758980 /* Frameworks */,
				5C55495D2B51FEEC00758980 /* Resources */,
			);
			buildRules = (
			);
			dependencies = (
				5C5549612B51FEEC00758980 /* PBXTargetDependency */,
			);
			name = "Rise and ShineUITests";
			productName = "Rise and ShineUITests";
			productReference = 5C55495F2B51FEEC00758980 /* Rise and ShineUITests.xctest */;
			productType = "com.apple.product-type.bundle.ui-testing";
		};
/* End PBXNativeTarget section */

/* Begin PBXProject section */
		5C55493D2B51FEEB00758980 /* Project object */ = {
			isa = PBXProject;
			attributes = {
				BuildIndependentTargetsInParallel = 1;
				LastSwiftUpdateCheck = 1520;
				LastUpgradeCheck = 1520;
				TargetAttributes = {
					5C5549442B51FEEB00758980 = {
						CreatedOnToolsVersion = 15.2;
					};
					5C5549542B51FEEC00758980 = {
						CreatedOnToolsVersion = 15.2;
						TestTargetID = 5C5549442B51FEEB00758980;
					};
					5C55495E2B51FEEC00758980 = {
						CreatedOnToolsVersion = 15.2;
						TestTargetID = 5C5549442B51FEEB00758980;
					};
				};
			};
			buildConfigurationList = 5C5549402B51FEEB00758980 /* Build configuration list for PBXProject "Rise and Shine" */;
			compatibilityVersion = "Xcode 14.0";
			developmentRegion = en;
			hasScannedForEncodings = 0;
			knownRegions = (
				en,
				Base,
			);
			mainGroup = 5C55493C2B51FEEB00758980;
			productRefGroup = 5C5549462B51FEEB00758980 /* Products */;
			projectDirPath = "";
			projectRoot = "";
			targets = (
				5C5549442B51FEEB00758980 /* Rise and Shine */,
				5C5549542B51FEEC00758980 /* Rise and ShineTests */,
				5C55495E2B51FEEC00758980 /* Rise and ShineUITests */,
			);
		};
/* End PBXProject section */

/* Begin PBXResourcesBuildPhase section */
		5C5549432B51FEEB00758980 /* Resources */ = {
			isa = PBXResourcesBuildPhase;
			buildActionMask = 2147483647;
			files = (
				5C940D732B6F5C620002A862 /* Launch Screen.storyboard in Resources */,
				5C5549502B51FEEC00758980 /* Preview Assets.xcassets in Resources */,
				5C55494D2B51FEEC00758980 /* Assets.xcassets in Resources */,
			);
			runOnlyForDeploymentPostprocessing = 0;
		};
		5C5549532B51FEEC00758980 /* Resources */ = {
			isa = PBXResourcesBuildPhase;
			buildActionMask = 2147483647;
			files = (
			);
			runOnlyForDeploymentPostprocessing = 0;
		};
		5C55495D2B51FEEC00758980 /* Resources */ = {
			isa = PBXResourcesBuildPhase;
			buildActionMask = 2147483647;
			files = (
			);
			runOnlyForDeploymentPostprocessing = 0;
		};
/* End PBXResourcesBuildPhase section */

/* Begin PBXSourcesBuildPhase section */
		5C5549412B51FEEB00758980 /* Sources */ = {
			isa = PBXSourcesBuildPhase;
			buildActionMask = 2147483647;
			files = (
				5C2823662B71FDD400E88D6F /* AppDelegate.swift in Sources */,
				5C28236D2B722B2700E88D6F /* ColorExtensions.swift in Sources */,
				5CEC25462B58D6B600F3CC2B /* APIManager.swift in Sources */,
				5C55494B2B51FEEB00758980 /* ContentView.swift in Sources */,
				5C0928AD2B75F944003AA0BC /* SleepGoalRefactored.swift in Sources */,
				5C98521B2B70AD52000B259B /* LocationSelectionView.swift in Sources */,
				5C0928AB2B75F83D003AA0BC /* OnboardingPageComponents.swift in Sources */,
				5C98521F2B70AD86000B259B /* SleepGoalSetupView.swift in Sources */,
				5C9852212B70ADA3000B259B /* WindDownSetupView.swift in Sources */,
				5CEC253A2B58D36B00F3CC2B /* SunData.swift in Sources */,
				5C28236B2B72148A00E88D6F /* ButtonComponent.swift in Sources */,
				5CEC254C2B58FE5900F3CC2B /* UserDefaults.swift in Sources */,
				5CEC25422B58D5D500F3CC2B /* LocationManager.swift in Sources */,
				5CEC254E2B58FE7A00F3CC2B /* AppDataManager.swift in Sources */,
				5C9852192B70AD3E000B259B /* WelcomePageView.swift in Sources */,
				5C9852252B70CB89000B259B /* SetupSettingsConfirmationView.swift in Sources */,
				5CEC25402B58D54B00F3CC2B /* SettingsView.swift in Sources */,
				5C98521D2B70AD77000B259B /* AlarmSetupView.swift in Sources */,
				5C063D542B5CD74D00DC7C6B /* AlarmManager.swift in Sources */,
				5CEC25442B58D5F800F3CC2B /* NotificationManager.swift in Sources */,
				5C2823692B72120400E88D6F /* SettingsComponents.swift in Sources */,
				5CEC253C2B58D39F00F3CC2B /* SunApiResponse.swift in Sources */,
				5C5549492B51FEEB00758980 /* Rise_and_ShineApp.swift in Sources */,
				5CAE6E4F2B6B7FBA00F9B26A /* NotificationsView.swift in Sources */,
				5C063D502B5CC02100DC7C6B /* UpdateData.swift in Sources */,
				5CEC25482B58D83000F3CC2B /* Constants.swift in Sources */,
				5C063D4E2B5A1AB500DC7C6B /* DateFormatter+Extension.swift in Sources */,
			);
			runOnlyForDeploymentPostprocessing = 0;
		};
		5C5549512B51FEEC00758980 /* Sources */ = {
			isa = PBXSourcesBuildPhase;
			buildActionMask = 2147483647;
			files = (
				5C55495A2B51FEEC00758980 /* Rise_and_ShineTests.swift in Sources */,
			);
			runOnlyForDeploymentPostprocessing = 0;
		};
		5C55495B2B51FEEC00758980 /* Sources */ = {
			isa = PBXSourcesBuildPhase;
			buildActionMask = 2147483647;
			files = (
				5C5549642B51FEEC00758980 /* Rise_and_ShineUITests.swift in Sources */,
				5C5549662B51FEEC00758980 /* Rise_and_ShineUITestsLaunchTests.swift in Sources */,
			);
			runOnlyForDeploymentPostprocessing = 0;
		};
/* End PBXSourcesBuildPhase section */

/* Begin PBXTargetDependency section */
		5C5549572B51FEEC00758980 /* PBXTargetDependency */ = {
			isa = PBXTargetDependency;
			target = 5C5549442B51FEEB00758980 /* Rise and Shine */;
			targetProxy = 5C5549562B51FEEC00758980 /* PBXContainerItemProxy */;
		};
		5C5549612B51FEEC00758980 /* PBXTargetDependency */ = {
			isa = PBXTargetDependency;
			target = 5C5549442B51FEEB00758980 /* Rise and Shine */;
			targetProxy = 5C5549602B51FEEC00758980 /* PBXContainerItemProxy */;
		};
/* End PBXTargetDependency section */

/* Begin XCBuildConfiguration section */
		5C5549672B51FEEC00758980 /* Debug */ = {
			isa = XCBuildConfiguration;
			buildSettings = {
				ALWAYS_SEARCH_USER_PATHS = NO;
				ASSETCATALOG_COMPILER_GENERATE_SWIFT_ASSET_SYMBOL_EXTENSIONS = YES;
				CLANG_ANALYZER_NONNULL = YES;
				CLANG_ANALYZER_NUMBER_OBJECT_CONVERSION = YES_AGGRESSIVE;
				CLANG_CXX_LANGUAGE_STANDARD = "gnu++20";
				CLANG_ENABLE_MODULES = YES;
				CLANG_ENABLE_OBJC_ARC = YES;
				CLANG_ENABLE_OBJC_WEAK = YES;
				CLANG_WARN_BLOCK_CAPTURE_AUTORELEASING = YES;
				CLANG_WARN_BOOL_CONVERSION = YES;
				CLANG_WARN_COMMA = YES;
				CLANG_WARN_CONSTANT_CONVERSION = YES;
				CLANG_WARN_DEPRECATED_OBJC_IMPLEMENTATIONS = YES;
				CLANG_WARN_DIRECT_OBJC_ISA_USAGE = YES_ERROR;
				CLANG_WARN_DOCUMENTATION_COMMENTS = YES;
				CLANG_WARN_EMPTY_BODY = YES;
				CLANG_WARN_ENUM_CONVERSION = YES;
				CLANG_WARN_INFINITE_RECURSION = YES;
				CLANG_WARN_INT_CONVERSION = YES;
				CLANG_WARN_NON_LITERAL_NULL_CONVERSION = YES;
				CLANG_WARN_OBJC_IMPLICIT_RETAIN_SELF = YES;
				CLANG_WARN_OBJC_LITERAL_CONVERSION = YES;
				CLANG_WARN_OBJC_ROOT_CLASS = YES_ERROR;
				CLANG_WARN_QUOTED_INCLUDE_IN_FRAMEWORK_HEADER = YES;
				CLANG_WARN_RANGE_LOOP_ANALYSIS = YES;
				CLANG_WARN_STRICT_PROTOTYPES = YES;
				CLANG_WARN_SUSPICIOUS_MOVE = YES;
				CLANG_WARN_UNGUARDED_AVAILABILITY = YES_AGGRESSIVE;
				CLANG_WARN_UNREACHABLE_CODE = YES;
				CLANG_WARN__DUPLICATE_METHOD_MATCH = YES;
				COPY_PHASE_STRIP = NO;
				DEBUG_INFORMATION_FORMAT = dwarf;
				ENABLE_STRICT_OBJC_MSGSEND = YES;
				ENABLE_TESTABILITY = YES;
				ENABLE_USER_SCRIPT_SANDBOXING = YES;
				GCC_C_LANGUAGE_STANDARD = gnu17;
				GCC_DYNAMIC_NO_PIC = NO;
				GCC_NO_COMMON_BLOCKS = YES;
				GCC_OPTIMIZATION_LEVEL = 0;
				GCC_PREPROCESSOR_DEFINITIONS = (
					"DEBUG=1",
					"$(inherited)",
				);
				GCC_WARN_64_TO_32_BIT_CONVERSION = YES;
				GCC_WARN_ABOUT_RETURN_TYPE = YES_ERROR;
				GCC_WARN_UNDECLARED_SELECTOR = YES;
				GCC_WARN_UNINITIALIZED_AUTOS = YES_AGGRESSIVE;
				GCC_WARN_UNUSED_FUNCTION = YES;
				GCC_WARN_UNUSED_VARIABLE = YES;
				IPHONEOS_DEPLOYMENT_TARGET = 17.2;
				LOCALIZATION_PREFERS_STRING_CATALOGS = YES;
				MTL_ENABLE_DEBUG_INFO = INCLUDE_SOURCE;
				MTL_FAST_MATH = YES;
				ONLY_ACTIVE_ARCH = YES;
				SDKROOT = iphoneos;
				SWIFT_ACTIVE_COMPILATION_CONDITIONS = "DEBUG $(inherited)";
				SWIFT_OPTIMIZATION_LEVEL = "-Onone";
			};
			name = Debug;
		};
		5C5549682B51FEEC00758980 /* Release */ = {
			isa = XCBuildConfiguration;
			buildSettings = {
				ALWAYS_SEARCH_USER_PATHS = NO;
				ASSETCATALOG_COMPILER_GENERATE_SWIFT_ASSET_SYMBOL_EXTENSIONS = YES;
				CLANG_ANALYZER_NONNULL = YES;
				CLANG_ANALYZER_NUMBER_OBJECT_CONVERSION = YES_AGGRESSIVE;
				CLANG_CXX_LANGUAGE_STANDARD = "gnu++20";
				CLANG_ENABLE_MODULES = YES;
				CLANG_ENABLE_OBJC_ARC = YES;
				CLANG_ENABLE_OBJC_WEAK = YES;
				CLANG_WARN_BLOCK_CAPTURE_AUTORELEASING = YES;
				CLANG_WARN_BOOL_CONVERSION = YES;
				CLANG_WARN_COMMA = YES;
				CLANG_WARN_CONSTANT_CONVERSION = YES;
				CLANG_WARN_DEPRECATED_OBJC_IMPLEMENTATIONS = YES;
				CLANG_WARN_DIRECT_OBJC_ISA_USAGE = YES_ERROR;
				CLANG_WARN_DOCUMENTATION_COMMENTS = YES;
				CLANG_WARN_EMPTY_BODY = YES;
				CLANG_WARN_ENUM_CONVERSION = YES;
				CLANG_WARN_INFINITE_RECURSION = YES;
				CLANG_WARN_INT_CONVERSION = YES;
				CLANG_WARN_NON_LITERAL_NULL_CONVERSION = YES;
				CLANG_WARN_OBJC_IMPLICIT_RETAIN_SELF = YES;
				CLANG_WARN_OBJC_LITERAL_CONVERSION = YES;
				CLANG_WARN_OBJC_ROOT_CLASS = YES_ERROR;
				CLANG_WARN_QUOTED_INCLUDE_IN_FRAMEWORK_HEADER = YES;
				CLANG_WARN_RANGE_LOOP_ANALYSIS = YES;
				CLANG_WARN_STRICT_PROTOTYPES = YES;
				CLANG_WARN_SUSPICIOUS_MOVE = YES;
				CLANG_WARN_UNGUARDED_AVAILABILITY = YES_AGGRESSIVE;
				CLANG_WARN_UNREACHABLE_CODE = YES;
				CLANG_WARN__DUPLICATE_METHOD_MATCH = YES;
				COPY_PHASE_STRIP = NO;
				DEBUG_INFORMATION_FORMAT = "dwarf-with-dsym";
				ENABLE_NS_ASSERTIONS = NO;
				ENABLE_STRICT_OBJC_MSGSEND = YES;
				ENABLE_USER_SCRIPT_SANDBOXING = YES;
				GCC_C_LANGUAGE_STANDARD = gnu17;
				GCC_NO_COMMON_BLOCKS = YES;
				GCC_WARN_64_TO_32_BIT_CONVERSION = YES;
				GCC_WARN_ABOUT_RETURN_TYPE = YES_ERROR;
				GCC_WARN_UNDECLARED_SELECTOR = YES;
				GCC_WARN_UNINITIALIZED_AUTOS = YES_AGGRESSIVE;
				GCC_WARN_UNUSED_FUNCTION = YES;
				GCC_WARN_UNUSED_VARIABLE = YES;
				IPHONEOS_DEPLOYMENT_TARGET = 17.2;
				LOCALIZATION_PREFERS_STRING_CATALOGS = YES;
				MTL_ENABLE_DEBUG_INFO = NO;
				MTL_FAST_MATH = YES;
				SDKROOT = iphoneos;
				SWIFT_COMPILATION_MODE = wholemodule;
				VALIDATE_PRODUCT = YES;
			};
			name = Release;
		};
		5C55496A2B51FEEC00758980 /* Debug */ = {
			isa = XCBuildConfiguration;
			buildSettings = {
				ASSETCATALOG_COMPILER_APPICON_NAME = AppIcon;
				ASSETCATALOG_COMPILER_GLOBAL_ACCENT_COLOR_NAME = AccentColor;
				CODE_SIGN_STYLE = Automatic;
				CURRENT_PROJECT_VERSION = 1;
				DEVELOPMENT_ASSET_PATHS = "\"Rise and Shine/Preview Content\"";
				DEVELOPMENT_TEAM = QQB33452MG;
				ENABLE_PREVIEWS = YES;
				GENERATE_INFOPLIST_FILE = YES;
				INFOPLIST_FILE = "Rise-and-Shine-Info.plist";
				INFOPLIST_KEY_CFBundleDisplayName = "Rise and Shine";
				INFOPLIST_KEY_LSApplicationCategoryType = "public.app-category.lifestyle";
				INFOPLIST_KEY_NSLocationAlwaysAndWhenInUseUsageDescription = "This app needs your location to provide the best features based on location";
				INFOPLIST_KEY_NSLocationWhenInUseUsageDescription = "This app needs your location to provide the best features based on location";
				INFOPLIST_KEY_UIApplicationSceneManifest_Generation = YES;
				INFOPLIST_KEY_UIApplicationSupportsIndirectInputEvents = YES;
				INFOPLIST_KEY_UILaunchStoryboardName = "Launch Screen.storyboard";
				INFOPLIST_KEY_UISupportedInterfaceOrientations = "UIInterfaceOrientationLandscapeLeft UIInterfaceOrientationLandscapeRight UIInterfaceOrientationPortrait";
				INFOPLIST_KEY_UISupportedInterfaceOrientations_iPad = "UIInterfaceOrientationLandscapeLeft UIInterfaceOrientationLandscapeRight UIInterfaceOrientationPortrait UIInterfaceOrientationPortraitUpsideDown";
				LD_RUNPATH_SEARCH_PATHS = (
					"$(inherited)",
					"@executable_path/Frameworks",
				);
				MARKETING_VERSION = 1.0;
				PRODUCT_BUNDLE_IDENTIFIER = "lomaco.Rise-and-Shine";
				PRODUCT_NAME = "$(TARGET_NAME)";
				SWIFT_EMIT_LOC_STRINGS = YES;
				SWIFT_VERSION = 5.0;
				TARGETED_DEVICE_FAMILY = "1,2";
			};
			name = Debug;
		};
		5C55496B2B51FEEC00758980 /* Release */ = {
			isa = XCBuildConfiguration;
			buildSettings = {
				ASSETCATALOG_COMPILER_APPICON_NAME = AppIcon;
				ASSETCATALOG_COMPILER_GLOBAL_ACCENT_COLOR_NAME = AccentColor;
				CODE_SIGN_STYLE = Automatic;
				CURRENT_PROJECT_VERSION = 1;
				DEVELOPMENT_ASSET_PATHS = "\"Rise and Shine/Preview Content\"";
				DEVELOPMENT_TEAM = QQB33452MG;
				ENABLE_PREVIEWS = YES;
				GENERATE_INFOPLIST_FILE = YES;
				INFOPLIST_FILE = "Rise-and-Shine-Info.plist";
				INFOPLIST_KEY_CFBundleDisplayName = "Rise and Shine";
				INFOPLIST_KEY_LSApplicationCategoryType = "public.app-category.lifestyle";
				INFOPLIST_KEY_NSLocationAlwaysAndWhenInUseUsageDescription = "This app needs your location to provide the best features based on location";
				INFOPLIST_KEY_NSLocationWhenInUseUsageDescription = "This app needs your location to provide the best features based on location";
				INFOPLIST_KEY_UIApplicationSceneManifest_Generation = YES;
				INFOPLIST_KEY_UIApplicationSupportsIndirectInputEvents = YES;
				INFOPLIST_KEY_UILaunchStoryboardName = "Launch Screen.storyboard";
				INFOPLIST_KEY_UISupportedInterfaceOrientations = "UIInterfaceOrientationLandscapeLeft UIInterfaceOrientationLandscapeRight UIInterfaceOrientationPortrait";
				INFOPLIST_KEY_UISupportedInterfaceOrientations_iPad = "UIInterfaceOrientationLandscapeLeft UIInterfaceOrientationLandscapeRight UIInterfaceOrientationPortrait UIInterfaceOrientationPortraitUpsideDown";
				LD_RUNPATH_SEARCH_PATHS = (
					"$(inherited)",
					"@executable_path/Frameworks",
				);
				MARKETING_VERSION = 1.0;
				PRODUCT_BUNDLE_IDENTIFIER = "lomaco.Rise-and-Shine";
				PRODUCT_NAME = "$(TARGET_NAME)";
				SWIFT_EMIT_LOC_STRINGS = YES;
				SWIFT_VERSION = 5.0;
				TARGETED_DEVICE_FAMILY = "1,2";
			};
			name = Release;
		};
		5C55496D2B51FEEC00758980 /* Debug */ = {
			isa = XCBuildConfiguration;
			buildSettings = {
				ALWAYS_EMBED_SWIFT_STANDARD_LIBRARIES = YES;
				BUNDLE_LOADER = "$(TEST_HOST)";
				CODE_SIGN_STYLE = Automatic;
				CURRENT_PROJECT_VERSION = 1;
				DEVELOPMENT_TEAM = QQB33452MG;
				GENERATE_INFOPLIST_FILE = YES;
				IPHONEOS_DEPLOYMENT_TARGET = 17.2;
				MARKETING_VERSION = 1.0;
				PRODUCT_BUNDLE_IDENTIFIER = "lomaco.Rise-and-ShineTests";
				PRODUCT_NAME = "$(TARGET_NAME)";
				SWIFT_EMIT_LOC_STRINGS = NO;
				SWIFT_VERSION = 5.0;
				TARGETED_DEVICE_FAMILY = "1,2";
				TEST_HOST = "$(BUILT_PRODUCTS_DIR)/Rise and Shine.app/$(BUNDLE_EXECUTABLE_FOLDER_PATH)/Rise and Shine";
			};
			name = Debug;
		};
		5C55496E2B51FEEC00758980 /* Release */ = {
			isa = XCBuildConfiguration;
			buildSettings = {
				ALWAYS_EMBED_SWIFT_STANDARD_LIBRARIES = YES;
				BUNDLE_LOADER = "$(TEST_HOST)";
				CODE_SIGN_STYLE = Automatic;
				CURRENT_PROJECT_VERSION = 1;
				DEVELOPMENT_TEAM = QQB33452MG;
				GENERATE_INFOPLIST_FILE = YES;
				IPHONEOS_DEPLOYMENT_TARGET = 17.2;
				MARKETING_VERSION = 1.0;
				PRODUCT_BUNDLE_IDENTIFIER = "lomaco.Rise-and-ShineTests";
				PRODUCT_NAME = "$(TARGET_NAME)";
				SWIFT_EMIT_LOC_STRINGS = NO;
				SWIFT_VERSION = 5.0;
				TARGETED_DEVICE_FAMILY = "1,2";
				TEST_HOST = "$(BUILT_PRODUCTS_DIR)/Rise and Shine.app/$(BUNDLE_EXECUTABLE_FOLDER_PATH)/Rise and Shine";
			};
			name = Release;
		};
		5C5549702B51FEEC00758980 /* Debug */ = {
			isa = XCBuildConfiguration;
			buildSettings = {
				ALWAYS_EMBED_SWIFT_STANDARD_LIBRARIES = YES;
				CODE_SIGN_STYLE = Automatic;
				CURRENT_PROJECT_VERSION = 1;
				DEVELOPMENT_TEAM = QQB33452MG;
				GENERATE_INFOPLIST_FILE = YES;
				MARKETING_VERSION = 1.0;
				PRODUCT_BUNDLE_IDENTIFIER = "lomaco.Rise-and-ShineUITests";
				PRODUCT_NAME = "$(TARGET_NAME)";
				SWIFT_EMIT_LOC_STRINGS = NO;
				SWIFT_VERSION = 5.0;
				TARGETED_DEVICE_FAMILY = "1,2";
				TEST_TARGET_NAME = "Rise and Shine";
			};
			name = Debug;
		};
		5C5549712B51FEEC00758980 /* Release */ = {
			isa = XCBuildConfiguration;
			buildSettings = {
				ALWAYS_EMBED_SWIFT_STANDARD_LIBRARIES = YES;
				CODE_SIGN_STYLE = Automatic;
				CURRENT_PROJECT_VERSION = 1;
				DEVELOPMENT_TEAM = QQB33452MG;
				GENERATE_INFOPLIST_FILE = YES;
				MARKETING_VERSION = 1.0;
				PRODUCT_BUNDLE_IDENTIFIER = "lomaco.Rise-and-ShineUITests";
				PRODUCT_NAME = "$(TARGET_NAME)";
				SWIFT_EMIT_LOC_STRINGS = NO;
				SWIFT_VERSION = 5.0;
				TARGETED_DEVICE_FAMILY = "1,2";
				TEST_TARGET_NAME = "Rise and Shine";
			};
			name = Release;
		};
/* End XCBuildConfiguration section */

/* Begin XCConfigurationList section */
		5C5549402B51FEEB00758980 /* Build configuration list for PBXProject "Rise and Shine" */ = {
			isa = XCConfigurationList;
			buildConfigurations = (
				5C5549672B51FEEC00758980 /* Debug */,
				5C5549682B51FEEC00758980 /* Release */,
			);
			defaultConfigurationIsVisible = 0;
			defaultConfigurationName = Release;
		};
		5C5549692B51FEEC00758980 /* Build configuration list for PBXNativeTarget "Rise and Shine" */ = {
			isa = XCConfigurationList;
			buildConfigurations = (
				5C55496A2B51FEEC00758980 /* Debug */,
				5C55496B2B51FEEC00758980 /* Release */,
			);
			defaultConfigurationIsVisible = 0;
			defaultConfigurationName = Release;
		};
		5C55496C2B51FEEC00758980 /* Build configuration list for PBXNativeTarget "Rise and ShineTests" */ = {
			isa = XCConfigurationList;
			buildConfigurations = (
				5C55496D2B51FEEC00758980 /* Debug */,
				5C55496E2B51FEEC00758980 /* Release */,
			);
			defaultConfigurationIsVisible = 0;
			defaultConfigurationName = Release;
		};
		5C55496F2B51FEEC00758980 /* Build configuration list for PBXNativeTarget "Rise and ShineUITests" */ = {
			isa = XCConfigurationList;
			buildConfigurations = (
				5C5549702B51FEEC00758980 /* Debug */,
				5C5549712B51FEEC00758980 /* Release */,
			);
			defaultConfigurationIsVisible = 0;
			defaultConfigurationName = Release;
		};
/* End XCConfigurationList section */
	};
	rootObject = 5C55493D2B51FEEB00758980 /* Project object */;
}
